
Microsoft Visual Studio Solution File, Format Version 12.00
# Visual Studio Version 16
VisualStudioVersion = 16.0.29911.84
MinimumVisualStudioVersion = 10.0.40219.1
Project("{FAE04EC0-301F-11D3-BF4B-00C04F79EFBC}") = "TechUpdate", "TechUpdate.csproj", "{CE644C59-8F43-4441-BE51-6514B3143A6D}"
EndProject
Project("{FAE04EC0-301F-11D3-BF4B-00C04F79EFBC}") = "TechUpdate.Core", "..\TechUpdate.Core\TechUpdate.Core.csproj", "{BE58DE05-7A24-4C44-8555-85A3CEB6DA8B}"
EndProject
Project("{FAE04EC0-301F-11D3-BF4B-00C04F79EFBC}") = "TechUpdate.DataLayer", "..\TechUpdate.DataLayer\TechUpdate.DataLayer.csproj", "{03BE3B0B-6FE3-44DA-A43B-4F1902FF78E4}"
EndProject
Global
	GlobalSection(SolutionConfigurationPlatforms) = preSolution
		Debug|Any CPU = Debug|Any CPU
		Release|Any CPU = Release|Any CPU
	EndGlobalSection
	GlobalSection(ProjectConfigurationPlatforms) = postSolution
		{CE644C59-8F43-4441-BE51-6514B3143A6D}.Debug|Any CPU.ActiveCfg = Debug|Any CPU
		{CE644C59-8F43-4441-BE51-6514B3143A6D}.Debug|Any CPU.Build.0 = Debug|Any CPU
		{CE644C59-8F43-4441-BE51-6514B3143A6D}.Release|Any CPU.ActiveCfg = Release|Any CPU
		{CE644C59-8F43-4441-BE51-6514B3143A6D}.Release|Any CPU.Build.0 = Release|Any CPU
		{BE58DE05-7A24-4C44-8555-85A3CEB6DA8B}.Debug|Any CPU.ActiveCfg = Debug|Any CPU
		{BE58DE05-7A24-4C44-8555-85A3CEB6DA8B}.Debug|Any CPU.Build.0 = Debug|Any CPU
		{BE58DE05-7A24-4C44-8555-85A3CEB6DA8B}.Release|Any CPU.ActiveCfg = Release|Any CPU
		{BE58DE05-7A24-4C44-8555-85A3CEB6DA8B}.Release|Any CPU.Build.0 = Release|Any CPU
		{03BE3B0B-6FE3-44DA-A43B-4F1902FF78E4}.Debug|Any CPU.ActiveCfg = Debug|Any CPU
		{03BE3B0B-6FE3-44DA-A43B-4F1902FF78E4}.Debug|Any CPU.Build.0 = Debug|Any CPU
		{03BE3B0B-6FE3-44DA-A43B-4F1902FF78E4}.Release|Any CPU.ActiveCfg = Release|Any CPU
		{03BE3B0B-6FE3-44DA-A43B-4F1902FF78E4}.Release|Any CPU.Build.0 = Release|Any CPU
	EndGlobalSection
	GlobalSection(SolutionProperties) = preSolution
		HideSolutionNode = FALSE
	EndGlobalSection
	GlobalSection(ExtensibilityGlobals) = postSolution
		SolutionGuid = {452E36FE-4CE6-4E19-9B9B-90C699EF02F2}
	EndGlobalSection
EndGlobal
